
Microsoft Visual Studio Solution File, Format Version 12.00
# Visual Studio Version 16
VisualStudioVersion = 16.0.31402.337
MinimumVisualStudioVersion = 10.0.40219.1
Project("{9A19103F-16F7-4668-BE54-9A1E7A4F7556}") = "NetCoreGrpc.Proto", "NetCoreGrpc.Proto\NetCoreGrpc.Proto.csproj", "{67F9CFF8-F1AA-4536-A6AB-0C4C4BECBDAA}"
EndProject
Project("{9A19103F-16F7-4668-BE54-9A1E7A4F7556}") = "NetCoreGrpc.Server", "NetCoreGrpc.Server\NetCoreGrpc.Server.csproj", "{DEAC9770-CF88-4BE4-955C-C1C5A3B255AF}"
EndProject
Project("{9A19103F-16F7-4668-BE54-9A1E7A4F7556}") = "NetCoreGrpc.Domain", "NetCoreGrpc.Domain\NetCoreGrpc.Domain.csproj", "{22589705-B35C-4AD8-9B74-3CCF4401A31E}"
EndProject
Project("{9A19103F-16F7-4668-BE54-9A1E7A4F7556}") = "NetCoreGrpc.Domain.Tests", "NetCoreGrpc.Domain.Tests\NetCoreGrpc.Domain.Tests.csproj", "{D280949B-0F97-4B59-8746-510FB0A273E1}"
EndProject
Project("{FAE04EC0-301F-11D3-BF4B-00C04F79EFBC}") = "NetCoreGrpc.Client", "NetCoreGrpc.Client\NetCoreGrpc.Client.csproj", "{FC57E7C4-1E10-4210-A3C0-54984D739C4C}"
EndProject
Global
	GlobalSection(SolutionConfigurationPlatforms) = preSolution
		Debug|Any CPU = Debug|Any CPU
		Release|Any CPU = Release|Any CPU
	EndGlobalSection
	GlobalSection(ProjectConfigurationPlatforms) = postSolution
		{67F9CFF8-F1AA-4536-A6AB-0C4C4BECBDAA}.Debug|Any CPU.ActiveCfg = Debug|Any CPU
		{67F9CFF8-F1AA-4536-A6AB-0C4C4BECBDAA}.Debug|Any CPU.Build.0 = Debug|Any CPU
		{67F9CFF8-F1AA-4536-A6AB-0C4C4BECBDAA}.Release|Any CPU.ActiveCfg = Release|Any CPU
		{67F9CFF8-F1AA-4536-A6AB-0C4C4BECBDAA}.Release|Any CPU.Build.0 = Release|Any CPU
		{DEAC9770-CF88-4BE4-955C-C1C5A3B255AF}.Debug|Any CPU.ActiveCfg = Debug|Any CPU
		{DEAC9770-CF88-4BE4-955C-C1C5A3B255AF}.Debug|Any CPU.Build.0 = Debug|Any CPU
		{DEAC9770-CF88-4BE4-955C-C1C5A3B255AF}.Release|Any CPU.ActiveCfg = Release|Any CPU
		{DEAC9770-CF88-4BE4-955C-C1C5A3B255AF}.Release|Any CPU.Build.0 = Release|Any CPU
		{22589705-B35C-4AD8-9B74-3CCF4401A31E}.Debug|Any CPU.ActiveCfg = Debug|Any CPU
		{22589705-B35C-4AD8-9B74-3CCF4401A31E}.Debug|Any CPU.Build.0 = Debug|Any CPU
		{22589705-B35C-4AD8-9B74-3CCF4401A31E}.Release|Any CPU.ActiveCfg = Release|Any CPU
		{22589705-B35C-4AD8-9B74-3CCF4401A31E}.Release|Any CPU.Build.0 = Release|Any CPU
		{D280949B-0F97-4B59-8746-510FB0A273E1}.Debug|Any CPU.ActiveCfg = Debug|Any CPU
		{D280949B-0F97-4B59-8746-510FB0A273E1}.Debug|Any CPU.Build.0 = Debug|Any CPU
		{D280949B-0F97-4B59-8746-510FB0A273E1}.Release|Any CPU.ActiveCfg = Release|Any CPU
		{D280949B-0F97-4B59-8746-510FB0A273E1}.Release|Any CPU.Build.0 = Release|Any CPU
		{FC57E7C4-1E10-4210-A3C0-54984D739C4C}.Debug|Any CPU.ActiveCfg = Debug|Any CPU
		{FC57E7C4-1E10-4210-A3C0-54984D739C4C}.Debug|Any CPU.Build.0 = Debug|Any CPU
		{FC57E7C4-1E10-4210-A3C0-54984D739C4C}.Release|Any CPU.ActiveCfg = Release|Any CPU
		{FC57E7C4-1E10-4210-A3C0-54984D739C4C}.Release|Any CPU.Build.0 = Release|Any CPU
	EndGlobalSection
	GlobalSection(SolutionProperties) = preSolution
		HideSolutionNode = FALSE
	EndGlobalSection
	GlobalSection(ExtensibilityGlobals) = postSolution
		SolutionGuid = {A3851D30-F9CD-4A58-AE8D-7A875D3BDEFD}
	EndGlobalSection
EndGlobal
